PODS:
  - CocoaLumberjack/Core (3.8.5)
  - CocoaLumberjack/Swift (3.8.5):
    - CocoaLumberjack/Core
  - MediaPipeTasksCommon (0.10.21)
  - MediaPipeTasksVision (0.10.21):
    - MediaPipeTasksCommon (= 0.10.21)

DEPENDENCIES:
  - CocoaLumberjack/Swift
  - MediaPipeTasksVision

SPEC REPOS:
  trunk:
    - CocoaLumberjack
    - MediaPipeTasksCommon
    - MediaPipeTasksVision

SPEC CHECKSUMS:
  CocoaLumberjack: 6a459bc897d6d80bd1b8c78482ec7ad05dffc3f0
  MediaPipeTasksCommon: 6cfa29170d4900f04d250ad95ec058f14a741f38
  MediaPipeTasksVision: 7b1c0f5a5820e87e9d96926f5e65d8cd3744fac2

PODFILE CHECKSUM: 90fbd4a5c98bb78b0f387ce34ad7666fca5c5492

COCOAPODS: 1.16.2
