// !$*UTF8*$!
{
	archiveVersion = 1;
	classes = {
	};
	objectVersion = 50;
	objects = {

/* Begin PBXBuildFile section */
		9A16DDAD273A131E0045F456 /* shaderv.vsh in Resources */ = {isa = PBXBuildFile; fileRef = 9A16DDAC273A131E0045F456 /* shaderv.vsh */; };
		9A16DDAF273A132E0045F456 /* shaderf.fsh in Resources */ = {isa = PBXBuildFile; fileRef = 9A16DDAE273A132E0045F456 /* shaderf.fsh */; };
		9A16DDB1273A26F40045F456 /* icon_imageEdit_wow.png in Resources */ = {isa = PBXBuildFile; fileRef = 9A16DDB0273A26F40045F456 /* icon_imageEdit_wow.png */; };
		9A16DDB3273A46D20045F456 /* SCGLView.swift in Sources */ = {isa = PBXBuildFile; fileRef = 9A16DDB2273A46D20045F456 /* SCGLView.swift */; };
		9A16DDBE273A76350045F456 /* FrameBuffer.m in Sources */ = {isa = PBXBuildFile; fileRef = 9A16DDBA273A76350045F456 /* FrameBuffer.m */; };
		9A16DDBF273A76350045F456 /* Frame.m in Sources */ = {isa = PBXBuildFile; fileRef = 9A16DDBB273A76350045F456 /* Frame.m */; };
		9AFFCB7F2738C1C200161747 /* AppDelegate.swift in Sources */ = {isa = PBXBuildFile; fileRef = 9AFFCB7E2738C1C200161747 /* AppDelegate.swift */; };
		9AFFCB832738C1C200161747 /* ViewController.swift in Sources */ = {isa = PBXBuildFile; fileRef = 9AFFCB822738C1C200161747 /* ViewController.swift */; };
		9AFFCB862738C1C200161747 /* Main.storyboard in Resources */ = {isa = PBXBuildFile; fileRef = 9AFFCB842738C1C200161747 /* Main.storyboard */; };
		9AFFCB882738C1C300161747 /* Assets.xcassets in Resources */ = {isa = PBXBuildFile; fileRef = 9AFFCB872738C1C300161747 /* Assets.xcassets */; };
		9AFFCB8B2738C1C300161747 /* LaunchScreen.storyboard in Resources */ = {isa = PBXBuildFile; fileRef = 9AFFCB892738C1C300161747 /* LaunchScreen.storyboard */; };
		9AFFCB932738C2BA00161747 /* OFInputDevice.swift in Sources */ = {isa = PBXBuildFile; fileRef = 9AFFCB922738C2BA00161747 /* OFInputDevice.swift */; };
		9AFFCB9E27396FF500161747 /* VideoManager.swift in Sources */ = {isa = PBXBuildFile; fileRef = 9AFFCB9D27396FF500161747 /* VideoManager.swift */; };
/* End PBXBuildFile section */

/* Begin PBXFileReference section */
		9A16DDAC273A131E0045F456 /* shaderv.vsh */ = {isa = PBXFileReference; lastKnownFileType = sourcecode.glsl; path = shaderv.vsh; sourceTree = "<group>"; };
		9A16DDAE273A132E0045F456 /* shaderf.fsh */ = {isa = PBXFileReference; lastKnownFileType = sourcecode.glsl; path = shaderf.fsh; sourceTree = "<group>"; };
		9A16DDB0273A26F40045F456 /* icon_imageEdit_wow.png */ = {isa = PBXFileReference; lastKnownFileType = image.png; path = icon_imageEdit_wow.png; sourceTree = SOURCE_ROOT; };
		9A16DDB2273A46D20045F456 /* SCGLView.swift */ = {isa = PBXFileReference; lastKnownFileType = sourcecode.swift; path = SCGLView.swift; sourceTree = "<group>"; };
		9A16DDB9273A76350045F456 /* LiveStreaming-Bridging-Header.h */ = {isa = PBXFileReference; lastKnownFileType = sourcecode.c.h; path = "LiveStreaming-Bridging-Header.h"; sourceTree = "<group>"; };
		9A16DDBA273A76350045F456 /* FrameBuffer.m */ = {isa = PBXFileReference; fileEncoding = 4; lastKnownFileType = sourcecode.c.objc; path = FrameBuffer.m; sourceTree = "<group>"; };
		9A16DDBB273A76350045F456 /* Frame.m */ = {isa = PBXFileReference; fileEncoding = 4; lastKnownFileType = sourcecode.c.objc; path = Frame.m; sourceTree = "<group>"; };
		9A16DDBC273A76350045F456 /* FrameBuffer.h */ = {isa = PBXFileReference; fileEncoding = 4; lastKnownFileType = sourcecode.c.h; path = FrameBuffer.h; sourceTree = "<group>"; };
		9A16DDBD273A76350045F456 /* Frame.h */ = {isa = PBXFileReference; fileEncoding = 4; lastKnownFileType = sourcecode.c.h; path = Frame.h; sourceTree = "<group>"; };
		9AFFCB7B2738C1C200161747 /* LiveStreaming.app */ = {isa = PBXFileReference; explicitFileType = wrapper.application; includeInIndex = 0; path = LiveStreaming.app; sourceTree = BUILT_PRODUCTS_DIR; };
		9AFFCB7E2738C1C200161747 /* AppDelegate.swift */ = {isa = PBXFileReference; lastKnownFileType = sourcecode.swift; path = AppDelegate.swift; sourceTree = "<group>"; };
		9AFFCB822738C1C200161747 /* ViewController.swift */ = {isa = PBXFileReference; lastKnownFileType = sourcecode.swift; path = ViewController.swift; sourceTree = "<group>"; };
		9AFFCB852738C1C200161747 /* Base */ = {isa = PBXFileReference; lastKnownFileType = file.storyboard; name = Base; path = Base.lproj/Main.storyboard; sourceTree = "<group>"; };
		9AFFCB872738C1C300161747 /* Assets.xcassets */ = {isa = PBXFileReference; lastKnownFileType = folder.assetcatalog; path = Assets.xcassets; sourceTree = "<group>"; };
		9AFFCB8A2738C1C300161747 /* Base */ = {isa = PBXFileReference; lastKnownFileType = file.storyboard; name = Base; path = Base.lproj/LaunchScreen.storyboard; sourceTree = "<group>"; };
		9AFFCB8C2738C1C300161747 /* Info.plist */ = {isa = PBXFileReference; lastKnownFileType = text.plist.xml; path = Info.plist; sourceTree = "<group>"; };
		9AFFCB922738C2BA00161747 /* OFInputDevice.swift */ = {isa = PBXFileReference; lastKnownFileType = sourcecode.swift; path = OFInputDevice.swift; sourceTree = "<group>"; };
		9AFFCB9D27396FF500161747 /* VideoManager.swift */ = {isa = PBXFileReference; lastKnownFileType = sourcecode.swift; path = VideoManager.swift; sourceTree = "<group>"; };
/* End PBXFileReference section */

/* Begin PBXFrameworksBuildPhase section */
		9AFFCB782738C1C200161747 /* Frameworks */ = {
			isa = PBXFrameworksBuildPhase;
			buildActionMask = 2147483647;
			files = (
			);
			runOnlyForDeploymentPostprocessing = 0;
		};
/* End PBXFrameworksBuildPhase section */

/* Begin PBXGroup section */
		9A16DDAB273A12CB0045F456 /* Shader */ = {
			isa = PBXGroup;
			children = (
				9A16DDAC273A131E0045F456 /* shaderv.vsh */,
				9A16DDAE273A132E0045F456 /* shaderf.fsh */,
			);
			path = Shader;
			sourceTree = "<group>";
		};
		9AFFCB722738C1C200161747 = {
			isa = PBXGroup;
			children = (
				9AFFCB7D2738C1C200161747 /* LiveStreaming */,
				9AFFCB7C2738C1C200161747 /* Products */,
			);
			sourceTree = "<group>";
		};
		9AFFCB7C2738C1C200161747 /* Products */ = {
			isa = PBXGroup;
			children = (
				9AFFCB7B2738C1C200161747 /* LiveStreaming.app */,
			);
			name = Products;
			sourceTree = "<group>";
		};
		9AFFCB7D2738C1C200161747 /* LiveStreaming */ = {
			isa = PBXGroup;
			children = (
				9A16DDB0273A26F40045F456 /* icon_imageEdit_wow.png */,
				9A16DDAB273A12CB0045F456 /* Shader */,
				9AFFCBA02739703100161747 /* Frame */,
				9AFFCB9F2739701E00161747 /* Video */,
				9AFFCB922738C2BA00161747 /* OFInputDevice.swift */,
				9AFFCB7E2738C1C200161747 /* AppDelegate.swift */,
				9AFFCB822738C1C200161747 /* ViewController.swift */,
				9A16DDB2273A46D20045F456 /* SCGLView.swift */,
				9AFFCB842738C1C200161747 /* Main.storyboard */,
				9AFFCB872738C1C300161747 /* Assets.xcassets */,
				9AFFCB892738C1C300161747 /* LaunchScreen.storyboard */,
				9AFFCB8C2738C1C300161747 /* Info.plist */,
			);
			path = LiveStreaming;
			sourceTree = "<group>";
		};
		9AFFCB9F2739701E00161747 /* Video */ = {
			isa = PBXGroup;
			children = (
				9AFFCB9D27396FF500161747 /* VideoManager.swift */,
			);
			path = Video;
			sourceTree = "<group>";
		};
		9AFFCBA02739703100161747 /* Frame */ = {
			isa = PBXGroup;
			children = (
				9A16DDBD273A76350045F456 /* Frame.h */,
				9A16DDBB273A76350045F456 /* Frame.m */,
				9A16DDBC273A76350045F456 /* FrameBuffer.h */,
				9A16DDBA273A76350045F456 /* FrameBuffer.m */,
				9A16DDB9273A76350045F456 /* LiveStreaming-Bridging-Header.h */,
			);
			path = Frame;
			sourceTree = "<group>";
		};
/* End PBXGroup section */

/* Begin PBXNativeTarget section */
		9AFFCB7A2738C1C200161747 /* LiveStreaming */ = {
			isa = PBXNativeTarget;
			buildConfigurationList = 9AFFCB8F2738C1C300161747 /* Build configuration list for PBXNativeTarget "LiveStreaming" */;
			buildPhases = (
				9AFFCB772738C1C200161747 /* Sources */,
				9AFFCB782738C1C200161747 /* Frameworks */,
				9AFFCB792738C1C200161747 /* Resources */,
			);
			buildRules = (
			);
			dependencies = (
			);
			name = LiveStreaming;
			productName = LiveStreaming;
			productReference = 9AFFCB7B2738C1C200161747 /* LiveStreaming.app */;
			productType = "com.apple.product-type.application";
		};
/* End PBXNativeTarget section */

/* Begin PBXProject section */
		9AFFCB732738C1C200161747 /* Project object */ = {
			isa = PBXProject;
			attributes = {
				LastSwiftUpdateCheck = 1250;
				LastUpgradeCheck = 1250;
				TargetAttributes = {
					9AFFCB7A2738C1C200161747 = {
						CreatedOnToolsVersion = 12.5;
						LastSwiftMigration = 1250;
					};
				};
			};
			buildConfigurationList = 9AFFCB762738C1C200161747 /* Build configuration list for PBXProject "LiveStreaming" */;
			compatibilityVersion = "Xcode 9.3";
			developmentRegion = en;
			hasScannedForEncodings = 0;
			knownRegions = (
				en,
				Base,
			);
			mainGroup = 9AFFCB722738C1C200161747;
			productRefGroup = 9AFFCB7C2738C1C200161747 /* Products */;
			projectDirPath = "";
			projectRoot = "";
			targets = (
				9AFFCB7A2738C1C200161747 /* LiveStreaming */,
			);
		};
/* End PBXProject section */

/* Begin PBXResourcesBuildPhase section */
		9AFFCB792738C1C200161747 /* Resources */ = {
			isa = PBXResourcesBuildPhase;
			buildActionMask = 2147483647;
			files = (
				9A16DDAF273A132E0045F456 /* shaderf.fsh in Resources */,
				9AFFCB8B2738C1C300161747 /* LaunchScreen.storyboard in Resources */,
				9AFFCB882738C1C300161747 /* Assets.xcassets in Resources */,
				9AFFCB862738C1C200161747 /* Main.storyboard in Resources */,
				9A16DDB1273A26F40045F456 /* icon_imageEdit_wow.png in Resources */,
				9A16DDAD273A131E0045F456 /* shaderv.vsh in Resources */,
			);
			runOnlyForDeploymentPostprocessing = 0;
		};
/* End PBXResourcesBuildPhase section */

/* Begin PBXSourcesBuildPhase section */
		9AFFCB772738C1C200161747 /* Sources */ = {
			isa = PBXSourcesBuildPhase;
			buildActionMask = 2147483647;
			files = (
				9A16DDBE273A76350045F456 /* FrameBuffer.m in Sources */,
				9AFFCB832738C1C200161747 /* ViewController.swift in Sources */,
				9AFFCB7F2738C1C200161747 /* AppDelegate.swift in Sources */,
				9A16DDB3273A46D20045F456 /* SCGLView.swift in Sources */,
				9AFFCB932738C2BA00161747 /* OFInputDevice.swift in Sources */,
				9A16DDBF273A76350045F456 /* Frame.m in Sources */,
				9AFFCB9E27396FF500161747 /* VideoManager.swift in Sources */,
			);
			runOnlyForDeploymentPostprocessing = 0;
		};
/* End PBXSourcesBuildPhase section */

/* Begin PBXVariantGroup section */
		9AFFCB842738C1C200161747 /* Main.storyboard */ = {
			isa = PBXVariantGroup;
			children = (
				9AFFCB852738C1C200161747 /* Base */,
			);
			name = Main.storyboard;
			sourceTree = "<group>";
		};
		9AFFCB892738C1C300161747 /* LaunchScreen.storyboard */ = {
			isa = PBXVariantGroup;
			children = (
				9AFFCB8A2738C1C300161747 /* Base */,
			);
			name = LaunchScreen.storyboard;
			sourceTree = "<group>";
		};
/* End PBXVariantGroup section */

/* Begin XCBuildConfiguration section */
		9AFFCB8D2738C1C300161747 /* Debug */ = {
			isa = XCBuildConfiguration;
			buildSettings = {
				ALWAYS_SEARCH_USER_PATHS = NO;
				CLANG_ANALYZER_NONNULL = YES;
				CLANG_ANALYZER_NUMBER_OBJECT_CONVERSION = YES_AGGRESSIVE;
				CLANG_CXX_LANGUAGE_STANDARD = "gnu++14";
				CLANG_CXX_LIBRARY = "libc++";
				CLANG_ENABLE_MODULES = YES;
				CLANG_ENABLE_OBJC_ARC = YES;
				CLANG_ENABLE_OBJC_WEAK = YES;
				CLANG_WARN_BLOCK_CAPTURE_AUTORELEASING = YES;
				CLANG_WARN_BOOL_CONVERSION = YES;
				CLANG_WARN_COMMA = YES;
				CLANG_WARN_CONSTANT_CONVERSION = YES;
				CLANG_WARN_DEPRECATED_OBJC_IMPLEMENTATIONS = YES;
				CLANG_WARN_DIRECT_OBJC_ISA_USAGE = YES_ERROR;
				CLANG_WARN_DOCUMENTATION_COMMENTS = YES;
				CLANG_WARN_EMPTY_BODY = YES;
				CLANG_WARN_ENUM_CONVERSION = YES;
				CLANG_WARN_INFINITE_RECURSION = YES;
				CLANG_WARN_INT_CONVERSION = YES;
				CLANG_WARN_NON_LITERAL_NULL_CONVERSION = YES;
				CLANG_WARN_OBJC_IMPLICIT_RETAIN_SELF = YES;
				CLANG_WARN_OBJC_LITERAL_CONVERSION = YES;
				CLANG_WARN_OBJC_ROOT_CLASS = YES_ERROR;
				CLANG_WARN_QUOTED_INCLUDE_IN_FRAMEWORK_HEADER = YES;
				CLANG_WARN_RANGE_LOOP_ANALYSIS = YES;
				CLANG_WARN_STRICT_PROTOTYPES = YES;
				CLANG_WARN_SUSPICIOUS_MOVE = YES;
				CLANG_WARN_UNGUARDED_AVAILABILITY = YES_AGGRESSIVE;
				CLANG_WARN_UNREACHABLE_CODE = YES;
				CLANG_WARN__DUPLICATE_METHOD_MATCH = YES;
				COPY_PHASE_STRIP = NO;
				DEBUG_INFORMATION_FORMAT = dwarf;
				ENABLE_STRICT_OBJC_MSGSEND = YES;
				ENABLE_TESTABILITY = YES;
				GCC_C_LANGUAGE_STANDARD = gnu11;
				GCC_DYNAMIC_NO_PIC = NO;
				GCC_NO_COMMON_BLOCKS = YES;
				GCC_OPTIMIZATION_LEVEL = 0;
				GCC_PREPROCESSOR_DEFINITIONS = (
					"DEBUG=1",
					"$(inherited)",
				);
				GCC_WARN_64_TO_32_BIT_CONVERSION = YES;
				GCC_WARN_ABOUT_RETURN_TYPE = YES_ERROR;
				GCC_WARN_UNDECLARED_SELECTOR = YES;
				GCC_WARN_UNINITIALIZED_AUTOS = YES_AGGRESSIVE;
				GCC_WARN_UNUSED_FUNCTION = YES;
				GCC_WARN_UNUSED_VARIABLE = YES;
				IPHONEOS_DEPLOYMENT_TARGET = 14.5;
				MTL_ENABLE_DEBUG_INFO = INCLUDE_SOURCE;
				MTL_FAST_MATH = YES;
				ONLY_ACTIVE_ARCH = YES;
				SDKROOT = iphoneos;
				SWIFT_ACTIVE_COMPILATION_CONDITIONS = DEBUG;
				SWIFT_OPTIMIZATION_LEVEL = "-Onone";
			};
			name = Debug;
		};
		9AFFCB8E2738C1C300161747 /* Release */ = {
			isa = XCBuildConfiguration;
			buildSettings = {
				ALWAYS_SEARCH_USER_PATHS = NO;
				CLANG_ANALYZER_NONNULL = YES;
				CLANG_ANALYZER_NUMBER_OBJECT_CONVERSION = YES_AGGRESSIVE;
				CLANG_CXX_LANGUAGE_STANDARD = "gnu++14";
				CLANG_CXX_LIBRARY = "libc++";
				CLANG_ENABLE_MODULES = YES;
				CLANG_ENABLE_OBJC_ARC = YES;
				CLANG_ENABLE_OBJC_WEAK = YES;
				CLANG_WARN_BLOCK_CAPTURE_AUTORELEASING = YES;
				CLANG_WARN_BOOL_CONVERSION = YES;
				CLANG_WARN_COMMA = YES;
				CLANG_WARN_CONSTANT_CONVERSION = YES;
				CLANG_WARN_DEPRECATED_OBJC_IMPLEMENTATIONS = YES;
				CLANG_WARN_DIRECT_OBJC_ISA_USAGE = YES_ERROR;
				CLANG_WARN_DOCUMENTATION_COMMENTS = YES;
				CLANG_WARN_EMPTY_BODY = YES;
				CLANG_WARN_ENUM_CONVERSION = YES;
				CLANG_WARN_INFINITE_RECURSION = YES;
				CLANG_WARN_INT_CONVERSION = YES;
				CLANG_WARN_NON_LITERAL_NULL_CONVERSION = YES;
				CLANG_WARN_OBJC_IMPLICIT_RETAIN_SELF = YES;
				CLANG_WARN_OBJC_LITERAL_CONVERSION = YES;
				CLANG_WARN_OBJC_ROOT_CLASS = YES_ERROR;
				CLANG_WARN_QUOTED_INCLUDE_IN_FRAMEWORK_HEADER = YES;
				CLANG_WARN_RANGE_LOOP_ANALYSIS = YES;
				CLANG_WARN_STRICT_PROTOTYPES = YES;
				CLANG_WARN_SUSPICIOUS_MOVE = YES;
				CLANG_WARN_UNGUARDED_AVAILABILITY = YES_AGGRESSIVE;
				CLANG_WARN_UNREACHABLE_CODE = YES;
				CLANG_WARN__DUPLICATE_METHOD_MATCH = YES;
				COPY_PHASE_STRIP = NO;
				DEBUG_INFORMATION_FORMAT = "dwarf-with-dsym";
				ENABLE_NS_ASSERTIONS = NO;
				ENABLE_STRICT_OBJC_MSGSEND = YES;
				GCC_C_LANGUAGE_STANDARD = gnu11;
				GCC_NO_COMMON_BLOCKS = YES;
				GCC_WARN_64_TO_32_BIT_CONVERSION = YES;
				GCC_WARN_ABOUT_RETURN_TYPE = YES_ERROR;
				GCC_WARN_UNDECLARED_SELECTOR = YES;
				GCC_WARN_UNINITIALIZED_AUTOS = YES_AGGRESSIVE;
				GCC_WARN_UNUSED_FUNCTION = YES;
				GCC_WARN_UNUSED_VARIABLE = YES;
				IPHONEOS_DEPLOYMENT_TARGET = 14.5;
				MTL_ENABLE_DEBUG_INFO = NO;
				MTL_FAST_MATH = YES;
				SDKROOT = iphoneos;
				SWIFT_COMPILATION_MODE = wholemodule;
				SWIFT_OPTIMIZATION_LEVEL = "-O";
				VALIDATE_PRODUCT = YES;
			};
			name = Release;
		};
		9AFFCB902738C1C300161747 /* Debug */ = {
			isa = XCBuildConfiguration;
			buildSettings = {
				ASSETCATALOG_COMPILER_APPICON_NAME = AppIcon;
				ASSETCATALOG_COMPILER_GLOBAL_ACCENT_COLOR_NAME = AccentColor;
				CLANG_ENABLE_MODULES = YES;
				CODE_SIGN_STYLE = Automatic;
				DEVELOPMENT_TEAM = 5S6DCB24V8;
				INFOPLIST_FILE = LiveStreaming/Info.plist;
				IPHONEOS_DEPLOYMENT_TARGET = 10.0;
				LD_RUNPATH_SEARCH_PATHS = (
					"$(inherited)",
					"@executable_path/Frameworks",
				);
				PRODUCT_BUNDLE_IDENTIFIER = com.OldFace.LiveStreaming;
				PRODUCT_NAME = "$(TARGET_NAME)";
				SWIFT_OBJC_BRIDGING_HEADER = "LiveStreaming/Frame/LiveStreaming-Bridging-Header.h";
				SWIFT_OPTIMIZATION_LEVEL = "-Onone";
				SWIFT_VERSION = 5.0;
				TARGETED_DEVICE_FAMILY = "1,2";
			};
			name = Debug;
		};
		9AFFCB912738C1C300161747 /* Release */ = {
			isa = XCBuildConfiguration;
			buildSettings = {
				ASSETCATALOG_COMPILER_APPICON_NAME = AppIcon;
				ASSETCATALOG_COMPILER_GLOBAL_ACCENT_COLOR_NAME = AccentColor;
				CLANG_ENABLE_MODULES = YES;
				CODE_SIGN_STYLE = Automatic;
				DEVELOPMENT_TEAM = 5S6DCB24V8;
				INFOPLIST_FILE = LiveStreaming/Info.plist;
				IPHONEOS_DEPLOYMENT_TARGET = 10.0;
				LD_RUNPATH_SEARCH_PATHS = (
					"$(inherited)",
					"@executable_path/Frameworks",
				);
				PRODUCT_BUNDLE_IDENTIFIER = com.OldFace.LiveStreaming;
				PRODUCT_NAME = "$(TARGET_NAME)";
				SWIFT_OBJC_BRIDGING_HEADER = "LiveStreaming/Frame/LiveStreaming-Bridging-Header.h";
				SWIFT_VERSION = 5.0;
				TARGETED_DEVICE_FAMILY = "1,2";
			};
			name = Release;
		};
/* End XCBuildConfiguration section */

/* Begin XCConfigurationList section */
		9AFFCB762738C1C200161747 /* Build configuration list for PBXProject "LiveStreaming" */ = {
			isa = XCConfigurationList;
			buildConfigurations = (
				9AFFCB8D2738C1C300161747 /* Debug */,
				9AFFCB8E2738C1C300161747 /* Release */,
			);
			defaultConfigurationIsVisible = 0;
			defaultConfigurationName = Release;
		};
		9AFFCB8F2738C1C300161747 /* Build configuration list for PBXNativeTarget "LiveStreaming" */ = {
			isa = XCConfigurationList;
			buildConfigurations = (
				9AFFCB902738C1C300161747 /* Debug */,
				9AFFCB912738C1C300161747 /* Release */,
			);
			defaultConfigurationIsVisible = 0;
			defaultConfigurationName = Release;
		};
/* End XCConfigurationList section */
	};
	rootObject = 9AFFCB732738C1C200161747 /* Project object */;
}
