// !$*UTF8*$!
{
	archiveVersion = 1;
	classes = {
	};
	objectVersion = 54;
	objects = {

/* Begin PBXBuildFile section */
		601FF0803034326500E1DF59 /* NegativeClassic.png in Resources */ = {isa = PBXBuildFile; fileRef = 601FF0763034326500E1DF59 /* NegativeClassic.png */; };
		601FF0813034326500E1DF59 /* Monochrome.png in Resources */ = {isa = PBXBuildFile; fileRef = 601FF0753034326500E1DF59 /* Monochrome.png */; };
		601FF0823034326500E1DF59 /* Soft.png in Resources */ = {isa = PBXBuildFile; fileRef = 601FF07B3034326500E1DF59 /* Soft.png */; };
		601FF0833034326500E1DF59 /* Night.png in Resources */ = {isa = PBXBuildFile; fileRef = 601FF0773034326500E1DF59 /* Night.png */; };
		601FF0843034326500E1DF59 /* Vintage.png in Resources */ = {isa = PBXBuildFile; fileRef = 601FF07E3034326500E1DF59 /* Vintage.png */; };
		601FF0853034326500E1DF59 /* Portrait.png in Resources */ = {isa = PBXBuildFile; fileRef = 601FF0793034326500E1DF59 /* Portrait.png */; };
		601FF0863034326500E1DF59 /* Urban.png in Resources */ = {isa = PBXBuildFile; fileRef = 601FF07D3034326500E1DF59 /* Urban.png */; };
		601FF0873034326500E1DF59 /* Warm.png in Resources */ = {isa = PBXBuildFile; fileRef = 601FF07F3034326500E1DF59 /* Warm.png */; };
		601FF0883034326500E1DF59 /* TealOrange.png in Resources */ = {isa = PBXBuildFile; fileRef = 601FF07C3034326500E1DF59 /* TealOrange.png */; };
		601FF0893034326500E1DF59 /* ProMovie.png in Resources */ = {isa = PBXBuildFile; fileRef = 601FF07A3034326500E1DF59 /* ProMovie.png */; };
		601FF08A3034326500E1DF59 /* Ocean.png in Resources */ = {isa = PBXBuildFile; fileRef = 601FF0783034326500E1DF59 /* Ocean.png */; };
		60A20001275E000100000001 /* OFProcessNode.swift in Sources */ = {isa = PBXBuildFile; fileRef = 60A10001275E000100000001 /* OFProcessNode.swift */; };
		60A20002275E000100000002 /* OFProcessGraph.swift in Sources */ = {isa = PBXBuildFile; fileRef = 60A10002275E000100000002 /* OFProcessGraph.swift */; };
		60A20003275E000100000003 /* OFLUTLoader.swift in Sources */ = {isa = PBXBuildFile; fileRef = 60A10003275E000100000003 /* OFLUTLoader.swift */; };
		60A20004275E000100000004 /* OFLUTComputer.swift in Sources */ = {isa = PBXBuildFile; fileRef = 60A10004275E000100000004 /* OFLUTComputer.swift */; };
		60A30002275E000100000032 /* OFLogger.swift in Sources */ = {isa = PBXBuildFile; fileRef = 60A30001275E000100000031 /* OFLogger.swift */; };
		60A40011275E000100000051 /* OFSettingItem.swift in Sources */ = {isa = PBXBuildFile; fileRef = 60A40001275E000100000041 /* OFSettingItem.swift */; };
		60A40012275E000100000052 /* OFSettingsController.swift in Sources */ = {isa = PBXBuildFile; fileRef = 60A40002275E000100000042 /* OFSettingsController.swift */; };
		60A40013275E000100000053 /* OFSettingsSheetView.swift in Sources */ = {isa = PBXBuildFile; fileRef = 60A40003275E000100000043 /* OFSettingsSheetView.swift */; };
		60A40014275E000100000054 /* OFFaceReshapeEditorView.swift in Sources */ = {isa = PBXBuildFile; fileRef = 60A40004275E000100000044 /* OFFaceReshapeEditorView.swift */; };
		60A40015275E000100000055 /* OFBeautyEditorView.swift in Sources */ = {isa = PBXBuildFile; fileRef = 60A40005275E000100000045 /* OFBeautyEditorView.swift */; };
		60A50011275E000100000071 /* OFFaceLandmarkerComputer.swift in Sources */ = {isa = PBXBuildFile; fileRef = 60A50001275E000100000061 /* OFFaceLandmarkerComputer.swift */; };
		60A50012275E000100000072 /* face_landmarker.task in Resources */ = {isa = PBXBuildFile; fileRef = 60A50002275E000100000062 /* face_landmarker.task */; };
		60A60011275E000100000111 /* OFColorAdjustParams.swift in Sources */ = {isa = PBXBuildFile; fileRef = 60A60001275E000100000101 /* OFColorAdjustParams.swift */; };
		60A60012275E000100000112 /* OFColorAdjustComputer.swift in Sources */ = {isa = PBXBuildFile; fileRef = 60A60002275E000100000102 /* OFColorAdjustComputer.swift */; };
		60A60013275E000100000113 /* OFColorAdjustEditorView.swift in Sources */ = {isa = PBXBuildFile; fileRef = 60A60003275E000100000103 /* OFColorAdjustEditorView.swift */; };
		60A70011275E000100000211 /* OFFaceRegionMask.swift in Sources */ = {isa = PBXBuildFile; fileRef = 60A70001275E000100000201 /* OFFaceRegionMask.swift */; };
		60A70012275E000100000212 /* OFBeautyComputer.swift in Sources */ = {isa = PBXBuildFile; fileRef = 60A70002275E000100000202 /* OFBeautyComputer.swift */; };
		60A70013275E000100000213 /* OFFaceReshapeComputer.swift in Sources */ = {isa = PBXBuildFile; fileRef = 60A70003275E000100000203 /* OFFaceReshapeComputer.swift */; };
		60A80011275E000100000311 /* OFCartoonComputer.swift in Sources */ = {isa = PBXBuildFile; fileRef = 60A80001275E000100000301 /* OFCartoonComputer.swift */; };
		60A80012275E000100000312 /* AnimeGANv3_Hayao_36.mlmodel in Resources */ = {isa = PBXBuildFile; fileRef = 60A80002275E000100000302 /* AnimeGANv3_Hayao_36.mlmodel */; };
		60A80013275E000100000313 /* AnimeGANv3_Shinkai_37.mlmodel in Resources */ = {isa = PBXBuildFile; fileRef = 60A80003275E000100000303 /* AnimeGANv3_Shinkai_37.mlmodel */; };
		60DACCDD28F264BE00A0202B /* VideoEncoder.swift in Sources */ = {isa = PBXBuildFile; fileRef = 60DACCDC28F264BE00A0202B /* VideoEncoder.swift */; };
		9A16DDAD273A131E0045F456 /* shaderv.vsh in Resources */ = {isa = PBXBuildFile; fileRef = 9A16DDAC273A131E0045F456 /* shaderv.vsh */; };
		9A16DDAF273A132E0045F456 /* shaderf.fsh in Resources */ = {isa = PBXBuildFile; fileRef = 9A16DDAE273A132E0045F456 /* shaderf.fsh */; };
		9A16DDB1273A26F40045F456 /* icon_imageEdit_wow.png in Resources */ = {isa = PBXBuildFile; fileRef = 9A16DDB0273A26F40045F456 /* icon_imageEdit_wow.png */; };
		9A16DDB3273A46D20045F456 /* SCGLView.swift in Sources */ = {isa = PBXBuildFile; fileRef = 9A16DDB2273A46D20045F456 /* SCGLView.swift */; };
		9A16DDBE273A76350045F456 /* FrameBuffer.m in Sources */ = {isa = PBXBuildFile; fileRef = 9A16DDBA273A76350045F456 /* FrameBuffer.m */; };
		9A16DDBF273A76350045F456 /* Frame.m in Sources */ = {isa = PBXBuildFile; fileRef = 9A16DDBB273A76350045F456 /* Frame.m */; };
		9A1E73C527F197F90012CCC5 /* AudioMagician.swift in Sources */ = {isa = PBXBuildFile; fileRef = 9A1E73C427F197F90012CCC5 /* AudioMagician.swift */; };
		9A1E73C927F198920012CCC5 /* fascinated.mp3 in Resources */ = {isa = PBXBuildFile; fileRef = 9A1E73C627F198920012CCC5 /* fascinated.mp3 */; };
		9A1E73CA27F198920012CCC5 /* fascinated.aac in Resources */ = {isa = PBXBuildFile; fileRef = 9A1E73C727F198920012CCC5 /* fascinated.aac */; };
		9A1E73CB27F198920012CCC5 /* fascinated.pcm in Resources */ = {isa = PBXBuildFile; fileRef = 9A1E73C827F198920012CCC5 /* fascinated.pcm */; };
		9A44789E275E143B0021226B /* AuxiliaryTool.metal in Sources */ = {isa = PBXBuildFile; fileRef = 9A44789D275E143B0021226B /* AuxiliaryTool.metal */; };
		9A4478A0275E382A0021226B /* OFButtonsView.swift in Sources */ = {isa = PBXBuildFile; fileRef = 9A44789F275E382A0021226B /* OFButtonsView.swift */; };
		9A4478A3275E3B670021226B /* OFMetalFuntions.swift in Sources */ = {isa = PBXBuildFile; fileRef = 9A4478A2275E3B670021226B /* OFMetalFuntions.swift */; };
		9A4478A6275E62130021226B /* OFPeakComputer.swift in Sources */ = {isa = PBXBuildFile; fileRef = 9A4478A5275E62130021226B /* OFPeakComputer.swift */; };
		9A4478A8275EFBBB0021226B /* OFGaussianBlurComputer.swift in Sources */ = {isa = PBXBuildFile; fileRef = 9A4478A7275EFBBB0021226B /* OFGaussianBlurComputer.swift */; };
		9A552AAA275DED6900568A6B /* SCLinkedList.swift in Sources */ = {isa = PBXBuildFile; fileRef = 9A552AA1275DED6900568A6B /* SCLinkedList.swift */; };
		9A552AAB275DED6900568A6B /* SCQueue.swift in Sources */ = {isa = PBXBuildFile; fileRef = 9A552AA2275DED6900568A6B /* SCQueue.swift */; };
		9A552AAC275DED6900568A6B /* SCGraphEdge.swift in Sources */ = {isa = PBXBuildFile; fileRef = 9A552AA4275DED6900568A6B /* SCGraphEdge.swift */; };
		9A552AAD275DED6900568A6B /* SCGraph.swift in Sources */ = {isa = PBXBuildFile; fileRef = 9A552AA5275DED6900568A6B /* SCGraph.swift */; };
		9A552AAE275DED6900568A6B /* SCGraphVertex.swift in Sources */ = {isa = PBXBuildFile; fileRef = 9A552AA6275DED6900568A6B /* SCGraphVertex.swift */; };
		9A552AAF275DED6900568A6B /* SCListGraph.swift in Sources */ = {isa = PBXBuildFile; fileRef = 9A552AA7275DED6900568A6B /* SCListGraph.swift */; };
		9A552AB0275DED6900568A6B /* SCBufferQueue.swift in Sources */ = {isa = PBXBuildFile; fileRef = 9A552AA8275DED6900568A6B /* SCBufferQueue.swift */; };
		9A552AB1275DED6900568A6B /* SCStack.swift in Sources */ = {isa = PBXBuildFile; fileRef = 9A552AA9275DED6900568A6B /* SCStack.swift */; };
		9A552AB5275DEFC200568A6B /* OFDefalutMetal.swift in Sources */ = {isa = PBXBuildFile; fileRef = 9A552AB4275DEFC200568A6B /* OFDefalutMetal.swift */; };
		9A552AB7275DF73E00568A6B /* OFSingleColorMetalComputer.swift in Sources */ = {isa = PBXBuildFile; fileRef = 9A552AB6275DF73E00568A6B /* OFSingleColorMetalComputer.swift */; };
		9A552AB9275DF79F00568A6B /* OFAuxiliaryTools.swift in Sources */ = {isa = PBXBuildFile; fileRef = 9A552AB8275DF79F00568A6B /* OFAuxiliaryTools.swift */; };
		9A552ABB275DFF7B00568A6B /* OFPixelBufferTool.swift in Sources */ = {isa = PBXBuildFile; fileRef = 9A552ABA275DFF7B00568A6B /* OFPixelBufferTool.swift */; };
		9AC47C1E27E41CFE00A588A3 /* AudioManager.swift in Sources */ = {isa = PBXBuildFile; fileRef = 9AC47C1D27E41CFE00A588A3 /* AudioManager.swift */; };
		9AC47C2027E41D4A00A588A3 /* AudioPlayer.swift in Sources */ = {isa = PBXBuildFile; fileRef = 9AC47C1F27E41D4A00A588A3 /* AudioPlayer.swift */; };
		9AC47C2227E41E5E00A588A3 /* OFiPhoneInputDevice.swift in Sources */ = {isa = PBXBuildFile; fileRef = 9AC47C2127E41E5E00A588A3 /* OFiPhoneInputDevice.swift */; };
		9AFFCB7F2738C1C200161747 /* AppDelegate.swift in Sources */ = {isa = PBXBuildFile; fileRef = 9AFFCB7E2738C1C200161747 /* AppDelegate.swift */; };
		9AFFCB832738C1C200161747 /* ViewController.swift in Sources */ = {isa = PBXBuildFile; fileRef = 9AFFCB822738C1C200161747 /* ViewController.swift */; };
		9AFFCB862738C1C200161747 /* Main.storyboard in Resources */ = {isa = PBXBuildFile; fileRef = 9AFFCB842738C1C200161747 /* Main.storyboard */; };
		9AFFCB882738C1C300161747 /* Assets.xcassets in Resources */ = {isa = PBXBuildFile; fileRef = 9AFFCB872738C1C300161747 /* Assets.xcassets */; };
		9AFFCB8B2738C1C300161747 /* LaunchScreen.storyboard in Resources */ = {isa = PBXBuildFile; fileRef = 9AFFCB892738C1C300161747 /* LaunchScreen.storyboard */; };
		9AFFCB932738C2BA00161747 /* OFInputDevice.swift in Sources */ = {isa = PBXBuildFile; fileRef = 9AFFCB922738C2BA00161747 /* OFInputDevice.swift */; };
		9AFFCB9E27396FF500161747 /* VideoManager.swift in Sources */ = {isa = PBXBuildFile; fileRef = 9AFFCB9D27396FF500161747 /* VideoManager.swift */; };
		F813CA7E8907BC3D6F5EF40B /* Pods_LiveStreaming.framework in Frameworks */ = {isa = PBXBuildFile; fileRef = 57CA32AB458347A6CD521ABD /* Pods_LiveStreaming.framework */; };
/* End PBXBuildFile section */

/* Begin PBXFileReference section */
		57CA32AB458347A6CD521ABD /* Pods_LiveStreaming.framework */ = {isa = PBXFileReference; explicitFileType = wrapper.framework; includeInIndex = 0; path = Pods_LiveStreaming.framework; sourceTree = BUILT_PRODUCTS_DIR; };
		601FF0753034326500E1DF59 /* Monochrome.png */ = {isa = PBXFileReference; lastKnownFileType = image.png; path = Monochrome.png; sourceTree = "<group>"; };
		601FF0763034326500E1DF59 /* NegativeClassic.png */ = {isa = PBXFileReference; lastKnownFileType = image.png; path = NegativeClassic.png; sourceTree = "<group>"; };
		601FF0773034326500E1DF59 /* Night.png */ = {isa = PBXFileReference; lastKnownFileType = image.png; path = Night.png; sourceTree = "<group>"; };
		601FF0783034326500E1DF59 /* Ocean.png */ = {isa = PBXFileReference; lastKnownFileType = image.png; path = Ocean.png; sourceTree = "<group>"; };
		601FF0793034326500E1DF59 /* Portrait.png */ = {isa = PBXFileReference; lastKnownFileType = image.png; path = Portrait.png; sourceTree = "<group>"; };
		601FF07A3034326500E1DF59 /* ProMovie.png */ = {isa = PBXFileReference; lastKnownFileType = image.png; path = ProMovie.png; sourceTree = "<group>"; };
		601FF07B3034326500E1DF59 /* Soft.png */ = {isa = PBXFileReference; lastKnownFileType = image.png; path = Soft.png; sourceTree = "<group>"; };
		601FF07C3034326500E1DF59 /* TealOrange.png */ = {isa = PBXFileReference; lastKnownFileType = image.png; path = TealOrange.png; sourceTree = "<group>"; };
		601FF07D3034326500E1DF59 /* Urban.png */ = {isa = PBXFileReference; lastKnownFileType = image.png; path = Urban.png; sourceTree = "<group>"; };
		601FF07E3034326500E1DF59 /* Vintage.png */ = {isa = PBXFileReference; lastKnownFileType = image.png; path = Vintage.png; sourceTree = "<group>"; };
		601FF07F3034326500E1DF59 /* Warm.png */ = {isa = PBXFileReference; lastKnownFileType = image.png; path = Warm.png; sourceTree = "<group>"; };
		60A10001275E000100000001 /* OFProcessNode.swift */ = {isa = PBXFileReference; lastKnownFileType = sourcecode.swift; path = OFProcessNode.swift; sourceTree = "<group>"; };
		60A10002275E000100000002 /* OFProcessGraph.swift */ = {isa = PBXFileReference; lastKnownFileType = sourcecode.swift; path = OFProcessGraph.swift; sourceTree = "<group>"; };
		60A10003275E000100000003 /* OFLUTLoader.swift */ = {isa = PBXFileReference; lastKnownFileType = sourcecode.swift; path = OFLUTLoader.swift; sourceTree = "<group>"; };
		60A10004275E000100000004 /* OFLUTComputer.swift */ = {isa = PBXFileReference; lastKnownFileType = sourcecode.swift; path = OFLUTComputer.swift; sourceTree = "<group>"; };
		60A30001275E000100000031 /* OFLogger.swift */ = {isa = PBXFileReference; lastKnownFileType = sourcecode.swift; path = OFLogger.swift; sourceTree = "<group>"; };
		60A40001275E000100000041 /* OFSettingItem.swift */ = {isa = PBXFileReference; lastKnownFileType = sourcecode.swift; path = OFSettingItem.swift; sourceTree = "<group>"; };
		60A40002275E000100000042 /* OFSettingsController.swift */ = {isa = PBXFileReference; lastKnownFileType = sourcecode.swift; path = OFSettingsController.swift; sourceTree = "<group>"; };
		60A40003275E000100000043 /* OFSettingsSheetView.swift */ = {isa = PBXFileReference; lastKnownFileType = sourcecode.swift; path = OFSettingsSheetView.swift; sourceTree = "<group>"; };
		60A40004275E000100000044 /* OFFaceReshapeEditorView.swift */ = {isa = PBXFileReference; lastKnownFileType = sourcecode.swift; path = OFFaceReshapeEditorView.swift; sourceTree = "<group>"; };
		60A40005275E000100000045 /* OFBeautyEditorView.swift */ = {isa = PBXFileReference; lastKnownFileType = sourcecode.swift; path = OFBeautyEditorView.swift; sourceTree = "<group>"; };
		60A50001275E000100000061 /* OFFaceLandmarkerComputer.swift */ = {isa = PBXFileReference; lastKnownFileType = sourcecode.swift; path = OFFaceLandmarkerComputer.swift; sourceTree = "<group>"; };
		60A50002275E000100000062 /* face_landmarker.task */ = {isa = PBXFileReference; lastKnownFileType = file; path = face_landmarker.task; sourceTree = "<group>"; };
		60A60001275E000100000101 /* OFColorAdjustParams.swift */ = {isa = PBXFileReference; lastKnownFileType = sourcecode.swift; path = OFColorAdjustParams.swift; sourceTree = "<group>"; };
		60A60002275E000100000102 /* OFColorAdjustComputer.swift */ = {isa = PBXFileReference; lastKnownFileType = sourcecode.swift; path = OFColorAdjustComputer.swift; sourceTree = "<group>"; };
		60A60003275E000100000103 /* OFColorAdjustEditorView.swift */ = {isa = PBXFileReference; lastKnownFileType = sourcecode.swift; path = OFColorAdjustEditorView.swift; sourceTree = "<group>"; };
		60A70001275E000100000201 /* OFFaceRegionMask.swift */ = {isa = PBXFileReference; lastKnownFileType = sourcecode.swift; path = OFFaceRegionMask.swift; sourceTree = "<group>"; };
		60A70002275E000100000202 /* OFBeautyComputer.swift */ = {isa = PBXFileReference; lastKnownFileType = sourcecode.swift; path = OFBeautyComputer.swift; sourceTree = "<group>"; };
		60A70003275E000100000203 /* OFFaceReshapeComputer.swift */ = {isa = PBXFileReference; lastKnownFileType = sourcecode.swift; path = OFFaceReshapeComputer.swift; sourceTree = "<group>"; };
		60A80001275E000100000301 /* OFCartoonComputer.swift */ = {isa = PBXFileReference; lastKnownFileType = sourcecode.swift; path = OFCartoonComputer.swift; sourceTree = "<group>"; };
		60A80002275E000100000302 /* AnimeGANv3_Hayao_36.mlmodel */ = {isa = PBXFileReference; lastKnownFileType = file.mlmodel; path = AnimeGANv3_Hayao_36.mlmodel; sourceTree = "<group>"; };
		60A80003275E000100000303 /* AnimeGANv3_Shinkai_37.mlmodel */ = {isa = PBXFileReference; lastKnownFileType = file.mlmodel; path = AnimeGANv3_Shinkai_37.mlmodel; sourceTree = "<group>"; };
		60DACCDC28F264BE00A0202B /* VideoEncoder.swift */ = {isa = PBXFileReference; lastKnownFileType = sourcecode.swift; path = VideoEncoder.swift; sourceTree = "<group>"; };
		67DC9FED2033CBA76DE6B605 /* Pods-LiveStreaming.release.xcconfig */ = {isa = PBXFileReference; includeInIndex = 1; lastKnownFileType = text.xcconfig; name = "Pods-LiveStreaming.release.xcconfig"; path = "Target Support Files/Pods-LiveStreaming/Pods-LiveStreaming.release.xcconfig"; sourceTree = "<group>"; };
		9A16DDAC273A131E0045F456 /* shaderv.vsh */ = {isa = PBXFileReference; lastKnownFileType = sourcecode.glsl; path = shaderv.vsh; sourceTree = "<group>"; };
		9A16DDAE273A132E0045F456 /* shaderf.fsh */ = {isa = PBXFileReference; lastKnownFileType = sourcecode.glsl; path = shaderf.fsh; sourceTree = "<group>"; };
		9A16DDB0273A26F40045F456 /* icon_imageEdit_wow.png */ = {isa = PBXFileReference; lastKnownFileType = image.png; name = icon_imageEdit_wow.png; path = LiveStreaming/Resource/icon_imageEdit_wow.png; sourceTree = SOURCE_ROOT; };
		9A16DDB2273A46D20045F456 /* SCGLView.swift */ = {isa = PBXFileReference; lastKnownFileType = sourcecode.swift; path = SCGLView.swift; sourceTree = "<group>"; };
		9A16DDB9273A76350045F456 /* LiveStreaming-Bridging-Header.h */ = {isa = PBXFileReference; lastKnownFileType = sourcecode.c.h; path = "LiveStreaming-Bridging-Header.h"; sourceTree = "<group>"; };
		9A16DDBA273A76350045F456 /* FrameBuffer.m */ = {isa = PBXFileReference; fileEncoding = 4; lastKnownFileType = sourcecode.c.objc; path = FrameBuffer.m; sourceTree = "<group>"; };
		9A16DDBB273A76350045F456 /* Frame.m */ = {isa = PBXFileReference; fileEncoding = 4; lastKnownFileType = sourcecode.c.objc; path = Frame.m; sourceTree = "<group>"; };
		9A16DDBC273A76350045F456 /* FrameBuffer.h */ = {isa = PBXFileReference; fileEncoding = 4; lastKnownFileType = sourcecode.c.h; path = FrameBuffer.h; sourceTree = "<group>"; };
		9A16DDBD273A76350045F456 /* Frame.h */ = {isa = PBXFileReference; fileEncoding = 4; lastKnownFileType = sourcecode.c.h; path = Frame.h; sourceTree = "<group>"; };
		9A1E73C427F197F90012CCC5 /* AudioMagician.swift */ = {isa = PBXFileReference; fileEncoding = 4; lastKnownFileType = sourcecode.swift; path = AudioMagician.swift; sourceTree = "<group>"; };
		9A1E73C627F198920012CCC5 /* fascinated.mp3 */ = {isa = PBXFileReference; lastKnownFileType = audio.mp3; path = fascinated.mp3; sourceTree = "<group>"; };
		9A1E73C727F198920012CCC5 /* fascinated.aac */ = {isa = PBXFileReference; lastKnownFileType = file; path = fascinated.aac; sourceTree = "<group>"; };
		9A1E73C827F198920012CCC5 /* fascinated.pcm */ = {isa = PBXFileReference; lastKnownFileType = file; path = fascinated.pcm; sourceTree = "<group>"; };
		9A44789D275E143B0021226B /* AuxiliaryTool.metal */ = {isa = PBXFileReference; lastKnownFileType = sourcecode.metal; path = AuxiliaryTool.metal; sourceTree = "<group>"; };
		9A44789F275E382A0021226B /* OFButtonsView.swift */ = {isa = PBXFileReference; lastKnownFileType = sourcecode.swift; path = OFButtonsView.swift; sourceTree = "<group>"; };
		9A4478A2275E3B670021226B /* OFMetalFuntions.swift */ = {isa = PBXFileReference; lastKnownFileType = sourcecode.swift; path = OFMetalFuntions.swift; sourceTree = "<group>"; };
		9A4478A5275E62130021226B /* OFPeakComputer.swift */ = {isa = PBXFileReference; lastKnownFileType = sourcecode.swift; path = OFPeakComputer.swift; sourceTree = "<group>"; };
		9A4478A7275EFBBB0021226B /* OFGaussianBlurComputer.swift */ = {isa = PBXFileReference; lastKnownFileType = sourcecode.swift; path = OFGaussianBlurComputer.swift; sourceTree = "<group>"; };
		9A552AA1275DED6900568A6B /* SCLinkedList.swift */ = {isa = PBXFileReference; fileEncoding = 4; lastKnownFileType = sourcecode.swift; path = SCLinkedList.swift; sourceTree = "<group>"; };
		9A552AA2275DED6900568A6B /* SCQueue.swift */ = {isa = PBXFileReference; fileEncoding = 4; lastKnownFileType = sourcecode.swift; path = SCQueue.swift; sourceTree = "<group>"; };
		9A552AA4275DED6900568A6B /* SCGraphEdge.swift */ = {isa = PBXFileReference; fileEncoding = 4; lastKnownFileType = sourcecode.swift; path = SCGraphEdge.swift; sourceTree = "<group>"; };
		9A552AA5275DED6900568A6B /* SCGraph.swift */ = {isa = PBXFileReference; fileEncoding = 4; lastKnownFileType = sourcecode.swift; path = SCGraph.swift; sourceTree = "<group>"; };
		9A552AA6275DED6900568A6B /* SCGraphVertex.swift */ = {isa = PBXFileReference; fileEncoding = 4; lastKnownFileType = sourcecode.swift; path = SCGraphVertex.swift; sourceTree = "<group>"; };
		9A552AA7275DED6900568A6B /* SCListGraph.swift */ = {isa = PBXFileReference; fileEncoding = 4; lastKnownFileType = sourcecode.swift; path = SCListGraph.swift; sourceTree = "<group>"; };
		9A552AA8275DED6900568A6B /* SCBufferQueue.swift */ = {isa = PBXFileReference; fileEncoding = 4; lastKnownFileType = sourcecode.swift; path = SCBufferQueue.swift; sourceTree = "<group>"; };
		9A552AA9275DED6900568A6B /* SCStack.swift */ = {isa = PBXFileReference; fileEncoding = 4; lastKnownFileType = sourcecode.swift; path = SCStack.swift; sourceTree = "<group>"; };
		9A552AB4275DEFC200568A6B /* OFDefalutMetal.swift */ = {isa = PBXFileReference; lastKnownFileType = sourcecode.swift; path = OFDefalutMetal.swift; sourceTree = "<group>"; };
		9A552AB6275DF73E00568A6B /* OFSingleColorMetalComputer.swift */ = {isa = PBXFileReference; lastKnownFileType = sourcecode.swift; path = OFSingleColorMetalComputer.swift; sourceTree = "<group>"; };
		9A552AB8275DF79F00568A6B /* OFAuxiliaryTools.swift */ = {isa = PBXFileReference; lastKnownFileType = sourcecode.swift; path = OFAuxiliaryTools.swift; sourceTree = "<group>"; };
		9A552ABA275DFF7B00568A6B /* OFPixelBufferTool.swift */ = {isa = PBXFileReference; lastKnownFileType = sourcecode.swift; path = OFPixelBufferTool.swift; sourceTree = "<group>"; };
		9AC47C1D27E41CFE00A588A3 /* AudioManager.swift */ = {isa = PBXFileReference; lastKnownFileType = sourcecode.swift; path = AudioManager.swift; sourceTree = "<group>"; };
		9AC47C1F27E41D4A00A588A3 /* AudioPlayer.swift */ = {isa = PBXFileReference; lastKnownFileType = sourcecode.swift; path = AudioPlayer.swift; sourceTree = "<group>"; };
		9AC47C2127E41E5E00A588A3 /* OFiPhoneInputDevice.swift */ = {isa = PBXFileReference; lastKnownFileType = sourcecode.swift; path = OFiPhoneInputDevice.swift; sourceTree = "<group>"; };
		9AFFCB7B2738C1C200161747 /* LiveStreaming.app */ = {isa = PBXFileReference; explicitFileType = wrapper.application; includeInIndex = 0; path = LiveStreaming.app; sourceTree = BUILT_PRODUCTS_DIR; };
		9AFFCB7E2738C1C200161747 /* AppDelegate.swift */ = {isa = PBXFileReference; lastKnownFileType = sourcecode.swift; path = AppDelegate.swift; sourceTree = "<group>"; };
		9AFFCB822738C1C200161747 /* ViewController.swift */ = {isa = PBXFileReference; lastKnownFileType = sourcecode.swift; path = ViewController.swift; sourceTree = "<group>"; };
		9AFFCB852738C1C200161747 /* Base */ = {isa = PBXFileReference; lastKnownFileType = file.storyboard; name = Base; path = Base.lproj/Main.storyboard; sourceTree = "<group>"; };
		9AFFCB872738C1C300161747 /* Assets.xcassets */ = {isa = PBXFileReference; lastKnownFileType = folder.assetcatalog; path = Assets.xcassets; sourceTree = "<group>"; };
		9AFFCB8A2738C1C300161747 /* Base */ = {isa = PBXFileReference; lastKnownFileType = file.storyboard; name = Base; path = Base.lproj/LaunchScreen.storyboard; sourceTree = "<group>"; };
		9AFFCB8C2738C1C300161747 /* Info.plist */ = {isa = PBXFileReference; lastKnownFileType = text.plist.xml; path = Info.plist; sourceTree = "<group>"; };
		9AFFCB922738C2BA00161747 /* OFInputDevice.swift */ = {isa = PBXFileReference; lastKnownFileType = sourcecode.swift; path = OFInputDevice.swift; sourceTree = "<group>"; };
		9AFFCB9D27396FF500161747 /* VideoManager.swift */ = {isa = PBXFileReference; lastKnownFileType = sourcecode.swift; path = VideoManager.swift; sourceTree = "<group>"; };
		B47F3D4F6AB97F37508D3C16 /* Pods-LiveStreaming.debug.xcconfig */ = {isa = PBXFileReference; includeInIndex = 1; lastKnownFileType = text.xcconfig; name = "Pods-LiveStreaming.debug.xcconfig"; path = "Target Support Files/Pods-LiveStreaming/Pods-LiveStreaming.debug.xcconfig"; sourceTree = "<group>"; };
/* End PBXFileReference section */

/* Begin PBXFrameworksBuildPhase section */
		9AFFCB782738C1C200161747 /* Frameworks */ = {
			isa = PBXFrameworksBuildPhase;
			buildActionMask = 2147483647;
			files = (
				F813CA7E8907BC3D6F5EF40B /* Pods_LiveStreaming.framework in Frameworks */,
			);
			runOnlyForDeploymentPostprocessing = 0;
		};
/* End PBXFrameworksBuildPhase section */

/* Begin PBXGroup section */
		27FD53ABC433C3C528C13814 /* Frameworks */ = {
			isa = PBXGroup;
			children = (
				57CA32AB458347A6CD521ABD /* Pods_LiveStreaming.framework */,
			);
			name = Frameworks;
			sourceTree = "<group>";
		};
		5D1C01C7CADA711E7617CB54 /* Pods */ = {
			isa = PBXGroup;
			children = (
				B47F3D4F6AB97F37508D3C16 /* Pods-LiveStreaming.debug.xcconfig */,
				67DC9FED2033CBA76DE6B605 /* Pods-LiveStreaming.release.xcconfig */,
			);
			path = Pods;
			sourceTree = "<group>";
		};
		60A10020275E000100000020 /* Process */ = {
			isa = PBXGroup;
			children = (
				60A10001275E000100000001 /* OFProcessNode.swift */,
				60A10002275E000100000002 /* OFProcessGraph.swift */,
			);
			path = Process;
			sourceTree = "<group>";
		};
		60A10021275E000100000021 /* LUT */ = {
			isa = PBXGroup;
			children = (
				60A10003275E000100000003 /* OFLUTLoader.swift */,
				60A10004275E000100000004 /* OFLUTComputer.swift */,
			);
			path = LUT;
			sourceTree = "<group>";
		};
		60A10022275E000100000022 /* LUT */ = {
			isa = PBXGroup;
			children = (
				601FF0753034326500E1DF59 /* Monochrome.png */,
				601FF0763034326500E1DF59 /* NegativeClassic.png */,
				601FF0773034326500E1DF59 /* Night.png */,
				601FF0783034326500E1DF59 /* Ocean.png */,
				601FF0793034326500E1DF59 /* Portrait.png */,
				601FF07A3034326500E1DF59 /* ProMovie.png */,
				601FF07B3034326500E1DF59 /* Soft.png */,
				601FF07C3034326500E1DF59 /* TealOrange.png */,
				601FF07D3034326500E1DF59 /* Urban.png */,
				601FF07E3034326500E1DF59 /* Vintage.png */,
				601FF07F3034326500E1DF59 /* Warm.png */,
			);
			path = LUT;
			sourceTree = "<group>";
		};
		60A40020275E000100000061 /* Settings */ = {
			isa = PBXGroup;
			children = (
				60A40001275E000100000041 /* OFSettingItem.swift */,
				60A40002275E000100000042 /* OFSettingsController.swift */,
				60A40003275E000100000043 /* OFSettingsSheetView.swift */,
				60A40004275E000100000044 /* OFFaceReshapeEditorView.swift */,
				60A40005275E000100000045 /* OFBeautyEditorView.swift */,
			);
			path = Settings;
			sourceTree = "<group>";
		};
		60A50020275E000100000081 /* Face */ = {
			isa = PBXGroup;
			children = (
				60A50001275E000100000061 /* OFFaceLandmarkerComputer.swift */,
				60A70001275E000100000201 /* OFFaceRegionMask.swift */,
				60A70002275E000100000202 /* OFBeautyComputer.swift */,
				60A70003275E000100000203 /* OFFaceReshapeComputer.swift */,
			);
			path = Face;
			sourceTree = "<group>";
		};
		60A50021275E000100000082 /* FaceLandmarker */ = {
			isa = PBXGroup;
			children = (
				60A50002275E000100000062 /* face_landmarker.task */,
			);
			path = FaceLandmarker;
			sourceTree = "<group>";
		};
		60A60020275E000100000120 /* ColorAdjust */ = {
			isa = PBXGroup;
			children = (
				60A60001275E000100000101 /* OFColorAdjustParams.swift */,
				60A60002275E000100000102 /* OFColorAdjustComputer.swift */,
				60A60003275E000100000103 /* OFColorAdjustEditorView.swift */,
			);
			path = ColorAdjust;
			sourceTree = "<group>";
		};
		60A80020275E000100000320 /* Cartoon */ = {
			isa = PBXGroup;
			children = (
				60A80001275E000100000301 /* OFCartoonComputer.swift */,
			);
			path = Cartoon;
			sourceTree = "<group>";
		};
		60A80021275E000100000321 /* Cartoon */ = {
			isa = PBXGroup;
			children = (
				60A80002275E000100000302 /* AnimeGANv3_Hayao_36.mlmodel */,
				60A80003275E000100000303 /* AnimeGANv3_Shinkai_37.mlmodel */,
			);
			path = Cartoon;
			sourceTree = "<group>";
		};
		9A16DDAB273A12CB0045F456 /* Shader */ = {
			isa = PBXGroup;
			children = (
				9A16DDAC273A131E0045F456 /* shaderv.vsh */,
				9A16DDAE273A132E0045F456 /* shaderf.fsh */,
			);
			path = Shader;
			sourceTree = "<group>";
		};
		9A4478A1275E38910021226B /* Extension */ = {
			isa = PBXGroup;
			children = (
			);
			path = Extension;
			sourceTree = "<group>";
		};
		9A4478A4275E5C2B0021226B /* Metal */ = {
			isa = PBXGroup;
			children = (
				9A44789D275E143B0021226B /* AuxiliaryTool.metal */,
			);
			path = Metal;
			sourceTree = "<group>";
		};
		9A552AA0275DED6900568A6B /* structure */ = {
			isa = PBXGroup;
			children = (
				9A552AA3275DED6900568A6B /* Graph */,
				9A552AA1275DED6900568A6B /* SCLinkedList.swift */,
				9A552AA2275DED6900568A6B /* SCQueue.swift */,
				9A552AA8275DED6900568A6B /* SCBufferQueue.swift */,
				9A552AA9275DED6900568A6B /* SCStack.swift */,
			);
			path = structure;
			sourceTree = "<group>";
		};
		9A552AA3275DED6900568A6B /* Graph */ = {
			isa = PBXGroup;
			children = (
				9A552AA4275DED6900568A6B /* SCGraphEdge.swift */,
				9A552AA5275DED6900568A6B /* SCGraph.swift */,
				9A552AA6275DED6900568A6B /* SCGraphVertex.swift */,
				9A552AA7275DED6900568A6B /* SCListGraph.swift */,
			);
			path = Graph;
			sourceTree = "<group>";
		};
		9A552AB2275DED7700568A6B /* Resource */ = {
			isa = PBXGroup;
			children = (
				60A10022275E000100000022 /* LUT */,
				60A80021275E000100000321 /* Cartoon */,
				60A50021275E000100000082 /* FaceLandmarker */,
				9A1E73C727F198920012CCC5 /* fascinated.aac */,
				9A1E73C627F198920012CCC5 /* fascinated.mp3 */,
				9A1E73C827F198920012CCC5 /* fascinated.pcm */,
				9A16DDB0273A26F40045F456 /* icon_imageEdit_wow.png */,
			);
			path = Resource;
			sourceTree = "<group>";
		};
		9A552AB3275DEFA800568A6B /* Metal */ = {
			isa = PBXGroup;
			children = (
				9A4478A4275E5C2B0021226B /* Metal */,
				9A552AB4275DEFC200568A6B /* OFDefalutMetal.swift */,
				9A552ABA275DFF7B00568A6B /* OFPixelBufferTool.swift */,
				9A4478A2275E3B670021226B /* OFMetalFuntions.swift */,
				9A552AB8275DF79F00568A6B /* OFAuxiliaryTools.swift */,
				9A552AB6275DF73E00568A6B /* OFSingleColorMetalComputer.swift */,
				9A4478A5275E62130021226B /* OFPeakComputer.swift */,
				9A4478A7275EFBBB0021226B /* OFGaussianBlurComputer.swift */,
			);
			path = Metal;
			sourceTree = "<group>";
		};
		9AC47C1C27E41CE400A588A3 /* Audio */ = {
			isa = PBXGroup;
			children = (
				9AC47C1D27E41CFE00A588A3 /* AudioManager.swift */,
				9AC47C1F27E41D4A00A588A3 /* AudioPlayer.swift */,
				9A1E73C427F197F90012CCC5 /* AudioMagician.swift */,
			);
			path = Audio;
			sourceTree = "<group>";
		};
		9AFFCB722738C1C200161747 = {
			isa = PBXGroup;
			children = (
				9AFFCB7D2738C1C200161747 /* LiveStreaming */,
				9AFFCB7C2738C1C200161747 /* Products */,
				5D1C01C7CADA711E7617CB54 /* Pods */,
				27FD53ABC433C3C528C13814 /* Frameworks */,
			);
			sourceTree = "<group>";
		};
		9AFFCB7C2738C1C200161747 /* Products */ = {
			isa = PBXGroup;
			children = (
				9AFFCB7B2738C1C200161747 /* LiveStreaming.app */,
			);
			name = Products;
			sourceTree = "<group>";
		};
		9AFFCB7D2738C1C200161747 /* LiveStreaming */ = {
			isa = PBXGroup;
			children = (
				9A4478A1275E38910021226B /* Extension */,
				60A10020275E000100000020 /* Process */,
				60A40020275E000100000061 /* Settings */,
				60A50020275E000100000081 /* Face */,
				60A60020275E000100000120 /* ColorAdjust */,
				60A10021275E000100000021 /* LUT */,
				60A80020275E000100000320 /* Cartoon */,
				9A552AB3275DEFA800568A6B /* Metal */,
				9A552AB2275DED7700568A6B /* Resource */,
				9A552AA0275DED6900568A6B /* structure */,
				9A16DDAB273A12CB0045F456 /* Shader */,
				9AFFCBA02739703100161747 /* Frame */,
				9AFFCB9F2739701E00161747 /* Video */,
				9AC47C1C27E41CE400A588A3 /* Audio */,
				9AFFCB922738C2BA00161747 /* OFInputDevice.swift */,
				9AC47C2127E41E5E00A588A3 /* OFiPhoneInputDevice.swift */,
				9AFFCB7E2738C1C200161747 /* AppDelegate.swift */,
				60A30001275E000100000031 /* OFLogger.swift */,
				9AFFCB822738C1C200161747 /* ViewController.swift */,
				9A44789F275E382A0021226B /* OFButtonsView.swift */,
				9A16DDB2273A46D20045F456 /* SCGLView.swift */,
				9AFFCB842738C1C200161747 /* Main.storyboard */,
				9AFFCB872738C1C300161747 /* Assets.xcassets */,
				9AFFCB892738C1C300161747 /* LaunchScreen.storyboard */,
				9AFFCB8C2738C1C300161747 /* Info.plist */,
			);
			path = LiveStreaming;
			sourceTree = "<group>";
		};
		9AFFCB9F2739701E00161747 /* Video */ = {
			isa = PBXGroup;
			children = (
				9AFFCB9D27396FF500161747 /* VideoManager.swift */,
				60DACCDC28F264BE00A0202B /* VideoEncoder.swift */,
			);
			path = Video;
			sourceTree = "<group>";
		};
		9AFFCBA02739703100161747 /* Frame */ = {
			isa = PBXGroup;
			children = (
				9A16DDBD273A76350045F456 /* Frame.h */,
				9A16DDBB273A76350045F456 /* Frame.m */,
				9A16DDBC273A76350045F456 /* FrameBuffer.h */,
				9A16DDBA273A76350045F456 /* FrameBuffer.m */,
				9A16DDB9273A76350045F456 /* LiveStreaming-Bridging-Header.h */,
			);
			path = Frame;
			sourceTree = "<group>";
		};
/* End PBXGroup section */

/* Begin PBXNativeTarget section */
		9AFFCB7A2738C1C200161747 /* LiveStreaming */ = {
			isa = PBXNativeTarget;
			buildConfigurationList = 9AFFCB8F2738C1C300161747 /* Build configuration list for PBXNativeTarget "LiveStreaming" */;
			buildPhases = (
				6AC54506480BBDF5D5FCF841 /* [CP] Check Pods Manifest.lock */,
				9AFFCB772738C1C200161747 /* Sources */,
				9AFFCB782738C1C200161747 /* Frameworks */,
				9AFFCB792738C1C200161747 /* Resources */,
				F6F727846303B850F6C982CF /* [CP] Embed Pods Frameworks */,
			);
			buildRules = (
			);
			dependencies = (
			);
			name = LiveStreaming;
			productName = LiveStreaming;
			productReference = 9AFFCB7B2738C1C200161747 /* LiveStreaming.app */;
			productType = "com.apple.product-type.application";
		};
/* End PBXNativeTarget section */

/* Begin PBXProject section */
		9AFFCB732738C1C200161747 /* Project object */ = {
			isa = PBXProject;
			attributes = {
				LastSwiftUpdateCheck = 1250;
				LastUpgradeCheck = 1400;
				TargetAttributes = {
					9AFFCB7A2738C1C200161747 = {
						CreatedOnToolsVersion = 12.5;
						LastSwiftMigration = 1250;
					};
				};
			};
			buildConfigurationList = 9AFFCB762738C1C200161747 /* Build configuration list for PBXProject "LiveStreaming" */;
			compatibilityVersion = "Xcode 9.3";
			developmentRegion = en;
			hasScannedForEncodings = 0;
			knownRegions = (
				en,
				Base,
			);
			mainGroup = 9AFFCB722738C1C200161747;
			productRefGroup = 9AFFCB7C2738C1C200161747 /* Products */;
			projectDirPath = "";
			projectRoot = "";
			targets = (
				9AFFCB7A2738C1C200161747 /* LiveStreaming */,
			);
		};
/* End PBXProject section */

/* Begin PBXResourcesBuildPhase section */
		9AFFCB792738C1C200161747 /* Resources */ = {
			isa = PBXResourcesBuildPhase;
			buildActionMask = 2147483647;
			files = (
				60A50012275E000100000072 /* face_landmarker.task in Resources */,
				60A80012275E000100000312 /* AnimeGANv3_Hayao_36.mlmodel in Resources */,
				60A80013275E000100000313 /* AnimeGANv3_Shinkai_37.mlmodel in Resources */,
				9A1E73C927F198920012CCC5 /* fascinated.mp3 in Resources */,
				9A16DDAF273A132E0045F456 /* shaderf.fsh in Resources */,
				9A1E73CB27F198920012CCC5 /* fascinated.pcm in Resources */,
				9AFFCB8B2738C1C300161747 /* LaunchScreen.storyboard in Resources */,
				9A1E73CA27F198920012CCC5 /* fascinated.aac in Resources */,
				9AFFCB882738C1C300161747 /* Assets.xcassets in Resources */,
				9AFFCB862738C1C200161747 /* Main.storyboard in Resources */,
				601FF0803034326500E1DF59 /* NegativeClassic.png in Resources */,
				601FF0813034326500E1DF59 /* Monochrome.png in Resources */,
				601FF0823034326500E1DF59 /* Soft.png in Resources */,
				601FF0833034326500E1DF59 /* Night.png in Resources */,
				601FF0843034326500E1DF59 /* Vintage.png in Resources */,
				601FF0853034326500E1DF59 /* Portrait.png in Resources */,
				601FF0863034326500E1DF59 /* Urban.png in Resources */,
				601FF0873034326500E1DF59 /* Warm.png in Resources */,
				601FF0883034326500E1DF59 /* TealOrange.png in Resources */,
				601FF0893034326500E1DF59 /* ProMovie.png in Resources */,
				601FF08A3034326500E1DF59 /* Ocean.png in Resources */,
				9A16DDB1273A26F40045F456 /* icon_imageEdit_wow.png in Resources */,
				9A16DDAD273A131E0045F456 /* shaderv.vsh in Resources */,
			);
			runOnlyForDeploymentPostprocessing = 0;
		};
/* End PBXResourcesBuildPhase section */

/* Begin PBXShellScriptBuildPhase section */
		6AC54506480BBDF5D5FCF841 /* [CP] Check Pods Manifest.lock */ = {
			isa = PBXShellScriptBuildPhase;
			buildActionMask = 2147483647;
			files = (
			);
			inputFileListPaths = (
			);
			inputPaths = (
				"${PODS_PODFILE_DIR_PATH}/Podfile.lock",
				"${PODS_ROOT}/Manifest.lock",
			);
			name = "[CP] Check Pods Manifest.lock";
			outputFileListPaths = (
			);
			outputPaths = (
				"$(DERIVED_FILE_DIR)/Pods-LiveStreaming-checkManifestLockResult.txt",
			);
			runOnlyForDeploymentPostprocessing = 0;
			shellPath = /bin/sh;
			shellScript = "diff \"${PODS_PODFILE_DIR_PATH}/Podfile.lock\" \"${PODS_ROOT}/Manifest.lock\" > /dev/null\nif [ $? != 0 ] ; then\n    # print error to STDERR\n    echo \"error: The sandbox is not in sync with the Podfile.lock. Run 'pod install' or update your CocoaPods installation.\" >&2\n    exit 1\nfi\n# This output is used by Xcode 'outputs' to avoid re-running this script phase.\necho \"SUCCESS\" > \"${SCRIPT_OUTPUT_FILE_0}\"\n";
			showEnvVarsInLog = 0;
		};
		F6F727846303B850F6C982CF /* [CP] Embed Pods Frameworks */ = {
			isa = PBXShellScriptBuildPhase;
			buildActionMask = 2147483647;
			files = (
			);
			inputFileListPaths = (
				"${PODS_ROOT}/Target Support Files/Pods-LiveStreaming/Pods-LiveStreaming-frameworks-${CONFIGURATION}-input-files.xcfilelist",
			);
			inputPaths = (
			);
			name = "[CP] Embed Pods Frameworks";
			outputFileListPaths = (
				"${PODS_ROOT}/Target Support Files/Pods-LiveStreaming/Pods-LiveStreaming-frameworks-${CONFIGURATION}-output-files.xcfilelist",
			);
			outputPaths = (
			);
			runOnlyForDeploymentPostprocessing = 0;
			shellPath = /bin/sh;
			shellScript = "\"${PODS_ROOT}/Target Support Files/Pods-LiveStreaming/Pods-LiveStreaming-frameworks.sh\"\n";
			showEnvVarsInLog = 0;
		};
/* End PBXShellScriptBuildPhase section */

/* Begin PBXSourcesBuildPhase section */
		9AFFCB772738C1C200161747 /* Sources */ = {
			isa = PBXSourcesBuildPhase;
			buildActionMask = 2147483647;
			files = (
				60A20001275E000100000001 /* OFProcessNode.swift in Sources */,
				60A20002275E000100000002 /* OFProcessGraph.swift in Sources */,
				60A20003275E000100000003 /* OFLUTLoader.swift in Sources */,
				60A20004275E000100000004 /* OFLUTComputer.swift in Sources */,
				60A80011275E000100000311 /* OFCartoonComputer.swift in Sources */,
				60A30002275E000100000032 /* OFLogger.swift in Sources */,
				60A40011275E000100000051 /* OFSettingItem.swift in Sources */,
				60A40012275E000100000052 /* OFSettingsController.swift in Sources */,
				60A40013275E000100000053 /* OFSettingsSheetView.swift in Sources */,
				60A40014275E000100000054 /* OFFaceReshapeEditorView.swift in Sources */,
				60A40015275E000100000055 /* OFBeautyEditorView.swift in Sources */,
				60A50011275E000100000071 /* OFFaceLandmarkerComputer.swift in Sources */,
				60A70011275E000100000211 /* OFFaceRegionMask.swift in Sources */,
				60A70012275E000100000212 /* OFBeautyComputer.swift in Sources */,
				60A70013275E000100000213 /* OFFaceReshapeComputer.swift in Sources */,
				60A60011275E000100000111 /* OFColorAdjustParams.swift in Sources */,
				60A60012275E000100000112 /* OFColorAdjustComputer.swift in Sources */,
				60A60013275E000100000113 /* OFColorAdjustEditorView.swift in Sources */,
				9A16DDBE273A76350045F456 /* FrameBuffer.m in Sources */,
				9A552AB7275DF73E00568A6B /* OFSingleColorMetalComputer.swift in Sources */,
				9A4478A0275E382A0021226B /* OFButtonsView.swift in Sources */,
				9A4478A6275E62130021226B /* OFPeakComputer.swift in Sources */,
				9A552AAD275DED6900568A6B /* SCGraph.swift in Sources */,
				9A1E73C527F197F90012CCC5 /* AudioMagician.swift in Sources */,
				9AC47C2227E41E5E00A588A3 /* OFiPhoneInputDevice.swift in Sources */,
				9AFFCB832738C1C200161747 /* ViewController.swift in Sources */,
				9A552AB0275DED6900568A6B /* SCBufferQueue.swift in Sources */,
				9AFFCB7F2738C1C200161747 /* AppDelegate.swift in Sources */,
				9A552AAE275DED6900568A6B /* SCGraphVertex.swift in Sources */,
				9A552AAB275DED6900568A6B /* SCQueue.swift in Sources */,
				9A552AAF275DED6900568A6B /* SCListGraph.swift in Sources */,
				9AC47C2027E41D4A00A588A3 /* AudioPlayer.swift in Sources */,
				9A4478A8275EFBBB0021226B /* OFGaussianBlurComputer.swift in Sources */,
				9A4478A3275E3B670021226B /* OFMetalFuntions.swift in Sources */,
				9A16DDB3273A46D20045F456 /* SCGLView.swift in Sources */,
				9A552AB1275DED6900568A6B /* SCStack.swift in Sources */,
				9A552AB9275DF79F00568A6B /* OFAuxiliaryTools.swift in Sources */,
				9A552ABB275DFF7B00568A6B /* OFPixelBufferTool.swift in Sources */,
				9AFFCB932738C2BA00161747 /* OFInputDevice.swift in Sources */,
				9AC47C1E27E41CFE00A588A3 /* AudioManager.swift in Sources */,
				9A44789E275E143B0021226B /* AuxiliaryTool.metal in Sources */,
				9A16DDBF273A76350045F456 /* Frame.m in Sources */,
				9A552AB5275DEFC200568A6B /* OFDefalutMetal.swift in Sources */,
				9A552AAC275DED6900568A6B /* SCGraphEdge.swift in Sources */,
				9A552AAA275DED6900568A6B /* SCLinkedList.swift in Sources */,
				60DACCDD28F264BE00A0202B /* VideoEncoder.swift in Sources */,
				9AFFCB9E27396FF500161747 /* VideoManager.swift in Sources */,
			);
			runOnlyForDeploymentPostprocessing = 0;
		};
/* End PBXSourcesBuildPhase section */

/* Begin PBXVariantGroup section */
		9AFFCB842738C1C200161747 /* Main.storyboard */ = {
			isa = PBXVariantGroup;
			children = (
				9AFFCB852738C1C200161747 /* Base */,
			);
			name = Main.storyboard;
			sourceTree = "<group>";
		};
		9AFFCB892738C1C300161747 /* LaunchScreen.storyboard */ = {
			isa = PBXVariantGroup;
			children = (
				9AFFCB8A2738C1C300161747 /* Base */,
			);
			name = LaunchScreen.storyboard;
			sourceTree = "<group>";
		};
/* End PBXVariantGroup section */

/* Begin XCBuildConfiguration section */
		9AFFCB8D2738C1C300161747 /* Debug */ = {
			isa = XCBuildConfiguration;
			buildSettings = {
				ALWAYS_SEARCH_USER_PATHS = NO;
				CLANG_ANALYZER_NONNULL = YES;
				CLANG_ANALYZER_NUMBER_OBJECT_CONVERSION = YES_AGGRESSIVE;
				CLANG_CXX_LANGUAGE_STANDARD = "gnu++14";
				CLANG_CXX_LIBRARY = "libc++";
				CLANG_ENABLE_MODULES = YES;
				CLANG_ENABLE_OBJC_ARC = YES;
				CLANG_ENABLE_OBJC_WEAK = YES;
				CLANG_WARN_BLOCK_CAPTURE_AUTORELEASING = YES;
				CLANG_WARN_BOOL_CONVERSION = YES;
				CLANG_WARN_COMMA = YES;
				CLANG_WARN_CONSTANT_CONVERSION = YES;
				CLANG_WARN_DEPRECATED_OBJC_IMPLEMENTATIONS = YES;
				CLANG_WARN_DIRECT_OBJC_ISA_USAGE = YES_ERROR;
				CLANG_WARN_DOCUMENTATION_COMMENTS = YES;
				CLANG_WARN_EMPTY_BODY = YES;
				CLANG_WARN_ENUM_CONVERSION = YES;
				CLANG_WARN_INFINITE_RECURSION = YES;
				CLANG_WARN_INT_CONVERSION = YES;
				CLANG_WARN_NON_LITERAL_NULL_CONVERSION = YES;
				CLANG_WARN_OBJC_IMPLICIT_RETAIN_SELF = YES;
				CLANG_WARN_OBJC_LITERAL_CONVERSION = YES;
				CLANG_WARN_OBJC_ROOT_CLASS = YES_ERROR;
				CLANG_WARN_QUOTED_INCLUDE_IN_FRAMEWORK_HEADER = YES;
				CLANG_WARN_RANGE_LOOP_ANALYSIS = YES;
				CLANG_WARN_STRICT_PROTOTYPES = YES;
				CLANG_WARN_SUSPICIOUS_MOVE = YES;
				CLANG_WARN_UNGUARDED_AVAILABILITY = YES_AGGRESSIVE;
				CLANG_WARN_UNREACHABLE_CODE = YES;
				CLANG_WARN__DUPLICATE_METHOD_MATCH = YES;
				COPY_PHASE_STRIP = NO;
				DEBUG_INFORMATION_FORMAT = dwarf;
				ENABLE_STRICT_OBJC_MSGSEND = YES;
				ENABLE_TESTABILITY = YES;
				GCC_C_LANGUAGE_STANDARD = gnu11;
				GCC_DYNAMIC_NO_PIC = NO;
				GCC_NO_COMMON_BLOCKS = YES;
				GCC_OPTIMIZATION_LEVEL = 0;
				GCC_PREPROCESSOR_DEFINITIONS = (
					"DEBUG=1",
					"$(inherited)",
				);
				GCC_WARN_64_TO_32_BIT_CONVERSION = YES;
				GCC_WARN_ABOUT_RETURN_TYPE = YES_ERROR;
				GCC_WARN_UNDECLARED_SELECTOR = YES;
				GCC_WARN_UNINITIALIZED_AUTOS = YES_AGGRESSIVE;
				GCC_WARN_UNUSED_FUNCTION = YES;
				GCC_WARN_UNUSED_VARIABLE = YES;
				IPHONEOS_DEPLOYMENT_TARGET = 12.0;
				MTL_ENABLE_DEBUG_INFO = INCLUDE_SOURCE;
				MTL_FAST_MATH = YES;
				ONLY_ACTIVE_ARCH = YES;
				SDKROOT = iphoneos;
				SWIFT_ACTIVE_COMPILATION_CONDITIONS = DEBUG;
				SWIFT_OPTIMIZATION_LEVEL = "-Onone";
			};
			name = Debug;
		};
		9AFFCB8E2738C1C300161747 /* Release */ = {
			isa = XCBuildConfiguration;
			buildSettings = {
				ALWAYS_SEARCH_USER_PATHS = NO;
				CLANG_ANALYZER_NONNULL = YES;
				CLANG_ANALYZER_NUMBER_OBJECT_CONVERSION = YES_AGGRESSIVE;
				CLANG_CXX_LANGUAGE_STANDARD = "gnu++14";
				CLANG_CXX_LIBRARY = "libc++";
				CLANG_ENABLE_MODULES = YES;
				CLANG_ENABLE_OBJC_ARC = YES;
				CLANG_ENABLE_OBJC_WEAK = YES;
				CLANG_WARN_BLOCK_CAPTURE_AUTORELEASING = YES;
				CLANG_WARN_BOOL_CONVERSION = YES;
				CLANG_WARN_COMMA = YES;
				CLANG_WARN_CONSTANT_CONVERSION = YES;
				CLANG_WARN_DEPRECATED_OBJC_IMPLEMENTATIONS = YES;
				CLANG_WARN_DIRECT_OBJC_ISA_USAGE = YES_ERROR;
				CLANG_WARN_DOCUMENTATION_COMMENTS = YES;
				CLANG_WARN_EMPTY_BODY = YES;
				CLANG_WARN_ENUM_CONVERSION = YES;
				CLANG_WARN_INFINITE_RECURSION = YES;
				CLANG_WARN_INT_CONVERSION = YES;
				CLANG_WARN_NON_LITERAL_NULL_CONVERSION = YES;
				CLANG_WARN_OBJC_IMPLICIT_RETAIN_SELF = YES;
				CLANG_WARN_OBJC_LITERAL_CONVERSION = YES;
				CLANG_WARN_OBJC_ROOT_CLASS = YES_ERROR;
				CLANG_WARN_QUOTED_INCLUDE_IN_FRAMEWORK_HEADER = YES;
				CLANG_WARN_RANGE_LOOP_ANALYSIS = YES;
				CLANG_WARN_STRICT_PROTOTYPES = YES;
				CLANG_WARN_SUSPICIOUS_MOVE = YES;
				CLANG_WARN_UNGUARDED_AVAILABILITY = YES_AGGRESSIVE;
				CLANG_WARN_UNREACHABLE_CODE = YES;
				CLANG_WARN__DUPLICATE_METHOD_MATCH = YES;
				COPY_PHASE_STRIP = NO;
				DEBUG_INFORMATION_FORMAT = "dwarf-with-dsym";
				ENABLE_NS_ASSERTIONS = NO;
				ENABLE_STRICT_OBJC_MSGSEND = YES;
				GCC_C_LANGUAGE_STANDARD = gnu11;
				GCC_NO_COMMON_BLOCKS = YES;
				GCC_WARN_64_TO_32_BIT_CONVERSION = YES;
				GCC_WARN_ABOUT_RETURN_TYPE = YES_ERROR;
				GCC_WARN_UNDECLARED_SELECTOR = YES;
				GCC_WARN_UNINITIALIZED_AUTOS = YES_AGGRESSIVE;
				GCC_WARN_UNUSED_FUNCTION = YES;
				GCC_WARN_UNUSED_VARIABLE = YES;
				IPHONEOS_DEPLOYMENT_TARGET = 12.0;
				MTL_ENABLE_DEBUG_INFO = NO;
				MTL_FAST_MATH = YES;
				SDKROOT = iphoneos;
				SWIFT_COMPILATION_MODE = wholemodule;
				SWIFT_OPTIMIZATION_LEVEL = "-O";
				VALIDATE_PRODUCT = YES;
			};
			name = Release;
		};
		9AFFCB902738C1C300161747 /* Debug */ = {
			isa = XCBuildConfiguration;
			baseConfigurationReference = B47F3D4F6AB97F37508D3C16 /* Pods-LiveStreaming.debug.xcconfig */;
			buildSettings = {
				ASSETCATALOG_COMPILER_APPICON_NAME = AppIcon;
				ASSETCATALOG_COMPILER_GLOBAL_ACCENT_COLOR_NAME = AccentColor;
				CLANG_ENABLE_MODULES = YES;
				CODE_SIGN_STYLE = Automatic;
				DEVELOPMENT_TEAM = HZZY6X575W;
				INFOPLIST_FILE = LiveStreaming/Info.plist;
				IPHONEOS_DEPLOYMENT_TARGET = 12.0;
				LD_RUNPATH_SEARCH_PATHS = (
					"$(inherited)",
					"@executable_path/Frameworks",
				);
				PRODUCT_BUNDLE_IDENTIFIER = com.hansen.LiveStreaming;
				PRODUCT_NAME = "$(TARGET_NAME)";
				SWIFT_OBJC_BRIDGING_HEADER = "LiveStreaming/Frame/LiveStreaming-Bridging-Header.h";
				SWIFT_OPTIMIZATION_LEVEL = "-Onone";
				SWIFT_VERSION = 5.0;
				TARGETED_DEVICE_FAMILY = "1,2";
			};
			name = Debug;
		};
		9AFFCB912738C1C300161747 /* Release */ = {
			isa = XCBuildConfiguration;
			baseConfigurationReference = 67DC9FED2033CBA76DE6B605 /* Pods-LiveStreaming.release.xcconfig */;
			buildSettings = {
				ASSETCATALOG_COMPILER_APPICON_NAME = AppIcon;
				ASSETCATALOG_COMPILER_GLOBAL_ACCENT_COLOR_NAME = AccentColor;
				CLANG_ENABLE_MODULES = YES;
				CODE_SIGN_STYLE = Automatic;
				DEVELOPMENT_TEAM = HZZY6X575W;
				INFOPLIST_FILE = LiveStreaming/Info.plist;
				IPHONEOS_DEPLOYMENT_TARGET = 12.0;
				LD_RUNPATH_SEARCH_PATHS = (
					"$(inherited)",
					"@executable_path/Frameworks",
				);
				PRODUCT_BUNDLE_IDENTIFIER = com.hansen.LiveStreaming;
				PRODUCT_NAME = "$(TARGET_NAME)";
				SWIFT_OBJC_BRIDGING_HEADER = "LiveStreaming/Frame/LiveStreaming-Bridging-Header.h";
				SWIFT_VERSION = 5.0;
				TARGETED_DEVICE_FAMILY = "1,2";
			};
			name = Release;
		};
/* End XCBuildConfiguration section */

/* Begin XCConfigurationList section */
		9AFFCB762738C1C200161747 /* Build configuration list for PBXProject "LiveStreaming" */ = {
			isa = XCConfigurationList;
			buildConfigurations = (
				9AFFCB8D2738C1C300161747 /* Debug */,
				9AFFCB8E2738C1C300161747 /* Release */,
			);
			defaultConfigurationIsVisible = 0;
			defaultConfigurationName = Release;
		};
		9AFFCB8F2738C1C300161747 /* Build configuration list for PBXNativeTarget "LiveStreaming" */ = {
			isa = XCConfigurationList;
			buildConfigurations = (
				9AFFCB902738C1C300161747 /* Debug */,
				9AFFCB912738C1C300161747 /* Release */,
			);
			defaultConfigurationIsVisible = 0;
			defaultConfigurationName = Release;
		};
/* End XCConfigurationList section */
	};
	rootObject = 9AFFCB732738C1C200161747 /* Project object */;
}
